Microsoft Visual Studio Solution File, Format Version 12.00
# Visual Studio 2012
Project("{FAE04EC0-301F-11D3-BF4B-00C04F79EFBC}") = "The-Legend-of-Shelby", "The-Legend-of-Shelby.csproj", "{3FC539AA-C436-400C-BDF5-9D50C4121FED}"
EndProject
Global
	GlobalSection(SolutionConfigurationPlatforms) = preSolution
	Debug|Any CPU = Debug|Any CPU
	ExportDebug|Any CPU = ExportDebug|Any CPU
	ExportRelease|Any CPU = ExportRelease|Any CPU
	EndGlobalSection
	GlobalSection(ProjectConfigurationPlatforms) = postSolution
		{3FC539AA-C436-400C-BDF5-9D50C4121FED}.Debug|Any CPU.ActiveCfg = Debug|Any CPU
		{3FC539AA-C436-400C-BDF5-9D50C4121FED}.Debug|Any CPU.Build.0 = Debug|Any CPU
		{3FC539AA-C436-400C-BDF5-9D50C4121FED}.ExportDebug|Any CPU.ActiveCfg = ExportDebug|Any CPU
		{3FC539AA-C436-400C-BDF5-9D50C4121FED}.ExportDebug|Any CPU.Build.0 = ExportDebug|Any CPU
		{3FC539AA-C436-400C-BDF5-9D50C4121FED}.ExportRelease|Any CPU.ActiveCfg = ExportRelease|Any CPU
		{3FC539AA-C436-400C-BDF5-9D50C4121FED}.ExportRelease|Any CPU.Build.0 = ExportRelease|Any CPU
	EndGlobalSection
EndGlobal
